
Microsoft Visual Studio Solution File, Format Version 12.00
# Visual Studio 14
VisualStudioVersion = 14.0.25420.1
MinimumVisualStudioVersion = 10.0.40219.1
Project("{8BC9CEB8-8B4A-11D0-8D11-00A0C91BC942}") = "ArisUDPClient", "ArisUDPClient\ArisUDPClient.vcxproj", "{6703EDFC-9383-467D-ABBA-8734B4EE60AE}"
EndProject
Global
	GlobalSection(SolutionConfigurationPlatforms) = preSolution
		Debug|Any CPU = Debug|Any CPU
		Debug|x64 = Debug|x64
		Debug|x86 = Debug|x86
		Release|Any CPU = Release|Any CPU
		Release|x64 = Release|x64
		Release|x86 = Release|x86
	EndGlobalSection
	GlobalSection(ProjectConfigurationPlatforms) = postSolution
		{6703EDFC-9383-467D-ABBA-8734B4EE60AE}.Debug|Any CPU.ActiveCfg = Debug|Win32
		{6703EDFC-9383-467D-ABBA-8734B4EE60AE}.Debug|x64.ActiveCfg = Debug|x64
		{6703EDFC-9383-467D-ABBA-8734B4EE60AE}.Debug|x64.Build.0 = Debug|x64
		{6703EDFC-9383-467D-ABBA-8734B4EE60AE}.Debug|x86.ActiveCfg = Debug|Win32
		{6703EDFC-9383-467D-ABBA-8734B4EE60AE}.Debug|x86.Build.0 = Debug|Win32
		{6703EDFC-9383-467D-ABBA-8734B4EE60AE}.Release|Any CPU.ActiveCfg = Release|Win32
		{6703EDFC-9383-467D-ABBA-8734B4EE60AE}.Release|x64.ActiveCfg = Release|x64
		{6703EDFC-9383-467D-ABBA-8734B4EE60AE}.Release|x64.Build.0 = Release|x64
		{6703EDFC-9383-467D-ABBA-8734B4EE60AE}.Release|x86.ActiveCfg = Release|Win32
		{6703EDFC-9383-467D-ABBA-8734B4EE60AE}.Release|x86.Build.0 = Release|Win32
	EndGlobalSection
	GlobalSection(SolutionProperties) = preSolution
		HideSolutionNode = FALSE
	EndGlobalSection
EndGlobal
